
Microsoft Visual Studio Solution File, Format Version 12.00
# Visual Studio Version 16
VisualStudioVersion = 16.0.32106.194
MinimumVisualStudioVersion = 10.0.40219.1
Project("{FAE04EC0-301F-11D3-BF4B-00C04F79EFBC}") = "ConsoleApp23", "ConsoleApp23\ConsoleApp23.csproj", "{DCB9C173-E8C3-4424-89EB-985C6017A257}"
EndProject
Global
	GlobalSection(SolutionConfigurationPlatforms) = preSolution
		Debug|Any CPU = Debug|Any CPU
		Release|Any CPU = Release|Any CPU
	EndGlobalSection
	GlobalSection(ProjectConfigurationPlatforms) = postSolution
		{DCB9C173-E8C3-4424-89EB-985C6017A257}.Debug|Any CPU.ActiveCfg = Debug|Any CPU
		{DCB9C173-E8C3-4424-89EB-985C6017A257}.Debug|Any CPU.Build.0 = Debug|Any CPU
		{DCB9C173-E8C3-4424-89EB-985C6017A257}.Release|Any CPU.ActiveCfg = Release|Any CPU
		{DCB9C173-E8C3-4424-89EB-985C6017A257}.Release|Any CPU.Build.0 = Release|Any CPU
	EndGlobalSection
	GlobalSection(SolutionProperties) = preSolution
		HideSolutionNode = FALSE
	EndGlobalSection
	GlobalSection(ExtensibilityGlobals) = postSolution
		SolutionGuid = {31A79936-D72C-469A-9B6D-A5EBA1EDBAE4}
	EndGlobalSection
EndGlobal
